// !$*UTF8*$!
{
	archiveVersion = 1;
	classes = {
	};
	objectVersion = 56;
	objects = {

/* Begin PBXBuildFile section */
		AA00A51A2A24D51E00CFF73A /* HIITFitApp.swift in Sources */ = {isa = PBXBuildFile; fileRef = AA00A5192A24D51E00CFF73A /* HIITFitApp.swift */; };
		AA00A51C2A24D51E00CFF73A /* ContentView.swift in Sources */ = {isa = PBXBuildFile; fileRef = AA00A51B2A24D51E00CFF73A /* ContentView.swift */; };
		AA00A51E2A24D52000CFF73A /* Assets.xcassets in Resources */ = {isa = PBXBuildFile; fileRef = AA00A51D2A24D52000CFF73A /* Assets.xcassets */; };
		AA00A5212A24D52000CFF73A /* Preview Assets.xcassets in Resources */ = {isa = PBXBuildFile; fileRef = AA00A5202A24D52000CFF73A /* Preview Assets.xcassets */; };
		AA0A4F7D2A384367006A6154 /* HistoryView.swift in Sources */ = {isa = PBXBuildFile; fileRef = AA0A4F7C2A384367006A6154 /* HistoryView.swift */; };
		AA1E970A2A35AEAB000832D8 /* VideoPlayerView.swift in Sources */ = {isa = PBXBuildFile; fileRef = AA1E97092A35AEAB000832D8 /* VideoPlayerView.swift */; };
		AA22718A2A2722F200E4AEA9 /* WelcomeView.swift in Sources */ = {isa = PBXBuildFile; fileRef = AA2271892A2722F200E4AEA9 /* WelcomeView.swift */; };
		AA22718C2A2722FE00E4AEA9 /* ExerciseView.swift in Sources */ = {isa = PBXBuildFile; fileRef = AA22718B2A2722FE00E4AEA9 /* ExerciseView.swift */; };
		AA22719A2A27297600E4AEA9 /* PullUp.mp4 in Resources */ = {isa = PBXBuildFile; fileRef = AA2271962A27297300E4AEA9 /* PullUp.mp4 */; };
		AA22719B2A27297600E4AEA9 /* PushUP.mp4 in Resources */ = {isa = PBXBuildFile; fileRef = AA2271972A27297300E4AEA9 /* PushUP.mp4 */; };
		AA22719C2A27297600E4AEA9 /* Squat.mp4 in Resources */ = {isa = PBXBuildFile; fileRef = AA2271982A27297500E4AEA9 /* Squat.mp4 */; };
		AA22719D2A27297600E4AEA9 /* Berpi.mp4 in Resources */ = {isa = PBXBuildFile; fileRef = AA2271992A27297600E4AEA9 /* Berpi.mp4 */; };
		AA523BB72A442CC000418354 /* imageExtension.swift in Sources */ = {isa = PBXBuildFile; fileRef = AA523BB62A442CC000418354 /* imageExtension.swift */; };
		AA61057D2A2DBC5D00377D93 /* HeaderView.swift in Sources */ = {isa = PBXBuildFile; fileRef = AA61057C2A2DBC5D00377D93 /* HeaderView.swift */; };
		AA61057F2A2DC0B800377D93 /* Exercise.siwft.swift in Sources */ = {isa = PBXBuildFile; fileRef = AA61057E2A2DC0B800377D93 /* Exercise.siwft.swift */; };
		AA6F68AE2A46D02C00551A7C /* SuccessView.swift in Sources */ = {isa = PBXBuildFile; fileRef = AA6F68AD2A46D02C00551A7C /* SuccessView.swift */; };
		AAC052102A3EE5C20033EBF0 /* HistoryStoreDevData.swift in Sources */ = {isa = PBXBuildFile; fileRef = AAC0520F2A3EE5C20033EBF0 /* HistoryStoreDevData.swift */; };
		AAC352F92A39A17800057EAC /* HistoryStore.swift in Sources */ = {isa = PBXBuildFile; fileRef = AAC352F82A39A17800057EAC /* HistoryStore.swift */; };
		AAFEC0822A34558B0025607D /* RatingView.swift in Sources */ = {isa = PBXBuildFile; fileRef = AAFEC0812A34558B0025607D /* RatingView.swift */; };
/* End PBXBuildFile section */

/* Begin PBXFileReference section */
		AA00A5162A24D51E00CFF73A /* HIITFit.app */ = {isa = PBXFileReference; explicitFileType = wrapper.application; includeInIndex = 0; path = HIITFit.app; sourceTree = BUILT_PRODUCTS_DIR; };
		AA00A5192A24D51E00CFF73A /* HIITFitApp.swift */ = {isa = PBXFileReference; lastKnownFileType = sourcecode.swift; path = HIITFitApp.swift; sourceTree = "<group>"; };
		AA00A51B2A24D51E00CFF73A /* ContentView.swift */ = {isa = PBXFileReference; lastKnownFileType = sourcecode.swift; path = ContentView.swift; sourceTree = "<group>"; };
		AA00A51D2A24D52000CFF73A /* Assets.xcassets */ = {isa = PBXFileReference; lastKnownFileType = folder.assetcatalog; path = Assets.xcassets; sourceTree = "<group>"; };
		AA00A5202A24D52000CFF73A /* Preview Assets.xcassets */ = {isa = PBXFileReference; lastKnownFileType = folder.assetcatalog; path = "Preview Assets.xcassets"; sourceTree = "<group>"; };
		AA0A4F7C2A384367006A6154 /* HistoryView.swift */ = {isa = PBXFileReference; lastKnownFileType = sourcecode.swift; path = HistoryView.swift; sourceTree = "<group>"; };
		AA1E97092A35AEAB000832D8 /* VideoPlayerView.swift */ = {isa = PBXFileReference; lastKnownFileType = sourcecode.swift; path = VideoPlayerView.swift; sourceTree = "<group>"; };
		AA2271892A2722F200E4AEA9 /* WelcomeView.swift */ = {isa = PBXFileReference; lastKnownFileType = sourcecode.swift; path = WelcomeView.swift; sourceTree = "<group>"; };
		AA22718B2A2722FE00E4AEA9 /* ExerciseView.swift */ = {isa = PBXFileReference; lastKnownFileType = sourcecode.swift; path = ExerciseView.swift; sourceTree = "<group>"; };
		AA2271962A27297300E4AEA9 /* PullUp.mp4 */ = {isa = PBXFileReference; lastKnownFileType = file; path = PullUp.mp4; sourceTree = "<group>"; };
		AA2271972A27297300E4AEA9 /* PushUP.mp4 */ = {isa = PBXFileReference; lastKnownFileType = file; path = PushUP.mp4; sourceTree = "<group>"; };
		AA2271982A27297500E4AEA9 /* Squat.mp4 */ = {isa = PBXFileReference; lastKnownFileType = file; path = Squat.mp4; sourceTree = "<group>"; };
		AA2271992A27297600E4AEA9 /* Berpi.mp4 */ = {isa = PBXFileReference; lastKnownFileType = file; path = Berpi.mp4; sourceTree = "<group>"; };
		AA523BB62A442CC000418354 /* imageExtension.swift */ = {isa = PBXFileReference; lastKnownFileType = sourcecode.swift; path = imageExtension.swift; sourceTree = "<group>"; };
		AA61057C2A2DBC5D00377D93 /* HeaderView.swift */ = {isa = PBXFileReference; lastKnownFileType = sourcecode.swift; path = HeaderView.swift; sourceTree = "<group>"; };
		AA61057E2A2DC0B800377D93 /* Exercise.siwft.swift */ = {isa = PBXFileReference; lastKnownFileType = sourcecode.swift; path = Exercise.siwft.swift; sourceTree = "<group>"; };
		AA6F68AD2A46D02C00551A7C /* SuccessView.swift */ = {isa = PBXFileReference; lastKnownFileType = sourcecode.swift; path = SuccessView.swift; sourceTree = "<group>"; };
		AAC0520F2A3EE5C20033EBF0 /* HistoryStoreDevData.swift */ = {isa = PBXFileReference; lastKnownFileType = sourcecode.swift; path = HistoryStoreDevData.swift; sourceTree = "<group>"; };
		AAC352F82A39A17800057EAC /* HistoryStore.swift */ = {isa = PBXFileReference; lastKnownFileType = sourcecode.swift; path = HistoryStore.swift; sourceTree = "<group>"; };
		AAFEC0812A34558B0025607D /* RatingView.swift */ = {isa = PBXFileReference; lastKnownFileType = sourcecode.swift; path = RatingView.swift; sourceTree = "<group>"; };
/* End PBXFileReference section */

/* Begin PBXFrameworksBuildPhase section */
		AA00A5132A24D51E00CFF73A /* Frameworks */ = {
			isa = PBXFrameworksBuildPhase;
			buildActionMask = 2147483647;
			files = (
			);
			runOnlyForDeploymentPostprocessing = 0;
		};
/* End PBXFrameworksBuildPhase section */

/* Begin PBXGroup section */
		AA00A50D2A24D51E00CFF73A = {
			isa = PBXGroup;
			children = (
				AA00A5182A24D51E00CFF73A /* HIITFit */,
				AA00A5172A24D51E00CFF73A /* Products */,
			);
			sourceTree = "<group>";
		};
		AA00A5172A24D51E00CFF73A /* Products */ = {
			isa = PBXGroup;
			children = (
				AA00A5162A24D51E00CFF73A /* HIITFit.app */,
			);
			name = Products;
			sourceTree = "<group>";
		};
		AA00A5182A24D51E00CFF73A /* HIITFit */ = {
			isa = PBXGroup;
			children = (
				AAC352FB2A39A21E00057EAC /* Application */,
				AAC352FA2A39A17E00057EAC /* Model */,
				AA2271882A271DDC00E4AEA9 /* View */,
				AA00A51D2A24D52000CFF73A /* Assets.xcassets */,
				AA523BB52A442CA400418354 /* Extensions */,
				AA22718D2A27290D00E4AEA9 /* Video */,
				AA00A51F2A24D52000CFF73A /* Preview Content */,
			);
			path = HIITFit;
			sourceTree = "<group>";
		};
		AA00A51F2A24D52000CFF73A /* Preview Content */ = {
			isa = PBXGroup;
			children = (
				AA00A5202A24D52000CFF73A /* Preview Assets.xcassets */,
				AAC0520F2A3EE5C20033EBF0 /* HistoryStoreDevData.swift */,
			);
			path = "Preview Content";
			sourceTree = "<group>";
		};
		AA2271882A271DDC00E4AEA9 /* View */ = {
			isa = PBXGroup;
			children = (
				AA00A51B2A24D51E00CFF73A /* ContentView.swift */,
				AA22718B2A2722FE00E4AEA9 /* ExerciseView.swift */,
				AA2271892A2722F200E4AEA9 /* WelcomeView.swift */,
				AAFEC0812A34558B0025607D /* RatingView.swift */,
				AA1E97092A35AEAB000832D8 /* VideoPlayerView.swift */,
				AA61057C2A2DBC5D00377D93 /* HeaderView.swift */,
				AA0A4F7C2A384367006A6154 /* HistoryView.swift */,
				AA6F68AD2A46D02C00551A7C /* SuccessView.swift */,
			);
			path = View;
			sourceTree = "<group>";
		};
		AA22718D2A27290D00E4AEA9 /* Video */ = {
			isa = PBXGroup;
			children = (
				AA2271992A27297600E4AEA9 /* Berpi.mp4 */,
				AA2271962A27297300E4AEA9 /* PullUp.mp4 */,
				AA2271972A27297300E4AEA9 /* PushUP.mp4 */,
				AA2271982A27297500E4AEA9 /* Squat.mp4 */,
			);
			path = Video;
			sourceTree = "<group>";
		};
		AA523BB52A442CA400418354 /* Extensions */ = {
			isa = PBXGroup;
			children = (
				AA523BB62A442CC000418354 /* imageExtension.swift */,
			);
			path = Extensions;
			sourceTree = "<group>";
		};
		AAC352FA2A39A17E00057EAC /* Model */ = {
			isa = PBXGroup;
			children = (
				AA61057E2A2DC0B800377D93 /* Exercise.siwft.swift */,
				AAC352F82A39A17800057EAC /* HistoryStore.swift */,
			);
			path = Model;
			sourceTree = "<group>";
		};
		AAC352FB2A39A21E00057EAC /* Application */ = {
			isa = PBXGroup;
			children = (
				AA00A5192A24D51E00CFF73A /* HIITFitApp.swift */,
			);
			path = Application;
			sourceTree = "<group>";
		};
/* End PBXGroup section */

/* Begin PBXNativeTarget section */
		AA00A5152A24D51E00CFF73A /* HIITFit */ = {
			isa = PBXNativeTarget;
			buildConfigurationList = AA00A5242A24D52000CFF73A /* Build configuration list for PBXNativeTarget "HIITFit" */;
			buildPhases = (
				AA00A5122A24D51E00CFF73A /* Sources */,
				AA00A5132A24D51E00CFF73A /* Frameworks */,
				AA00A5142A24D51E00CFF73A /* Resources */,
			);
			buildRules = (
			);
			dependencies = (
			);
			name = HIITFit;
			productName = HIITFit;
			productReference = AA00A5162A24D51E00CFF73A /* HIITFit.app */;
			productType = "com.apple.product-type.application";
		};
/* End PBXNativeTarget section */

/* Begin PBXProject section */
		AA00A50E2A24D51E00CFF73A /* Project object */ = {
			isa = PBXProject;
			attributes = {
				BuildIndependentTargetsInParallel = 1;
				LastSwiftUpdateCheck = 1430;
				LastUpgradeCheck = 1430;
				TargetAttributes = {
					AA00A5152A24D51E00CFF73A = {
						CreatedOnToolsVersion = 14.3;
					};
				};
			};
			buildConfigurationList = AA00A5112A24D51E00CFF73A /* Build configuration list for PBXProject "HIITFit" */;
			compatibilityVersion = "Xcode 14.0";
			developmentRegion = en;
			hasScannedForEncodings = 0;
			knownRegions = (
				en,
				Base,
			);
			mainGroup = AA00A50D2A24D51E00CFF73A;
			productRefGroup = AA00A5172A24D51E00CFF73A /* Products */;
			projectDirPath = "";
			projectRoot = "";
			targets = (
				AA00A5152A24D51E00CFF73A /* HIITFit */,
			);
		};
/* End PBXProject section */

/* Begin PBXResourcesBuildPhase section */
		AA00A5142A24D51E00CFF73A /* Resources */ = {
			isa = PBXResourcesBuildPhase;
			buildActionMask = 2147483647;
			files = (
				AA00A5212A24D52000CFF73A /* Preview Assets.xcassets in Resources */,
				AA22719A2A27297600E4AEA9 /* PullUp.mp4 in Resources */,
				AA22719C2A27297600E4AEA9 /* Squat.mp4 in Resources */,
				AA22719B2A27297600E4AEA9 /* PushUP.mp4 in Resources */,
				AA22719D2A27297600E4AEA9 /* Berpi.mp4 in Resources */,
				AA00A51E2A24D52000CFF73A /* Assets.xcassets in Resources */,
			);
			runOnlyForDeploymentPostprocessing = 0;
		};
/* End PBXResourcesBuildPhase section */

/* Begin PBXSourcesBuildPhase section */
		AA00A5122A24D51E00CFF73A /* Sources */ = {
			isa = PBXSourcesBuildPhase;
			buildActionMask = 2147483647;
			files = (
				AAC052102A3EE5C20033EBF0 /* HistoryStoreDevData.swift in Sources */,
				AA61057D2A2DBC5D00377D93 /* HeaderView.swift in Sources */,
				AA22718C2A2722FE00E4AEA9 /* ExerciseView.swift in Sources */,
				AA523BB72A442CC000418354 /* imageExtension.swift in Sources */,
				AA6F68AE2A46D02C00551A7C /* SuccessView.swift in Sources */,
				AAC352F92A39A17800057EAC /* HistoryStore.swift in Sources */,
				AA00A51C2A24D51E00CFF73A /* ContentView.swift in Sources */,
				AA22718A2A2722F200E4AEA9 /* WelcomeView.swift in Sources */,
				AA61057F2A2DC0B800377D93 /* Exercise.siwft.swift in Sources */,
				AA00A51A2A24D51E00CFF73A /* HIITFitApp.swift in Sources */,
				AAFEC0822A34558B0025607D /* RatingView.swift in Sources */,
				AA0A4F7D2A384367006A6154 /* HistoryView.swift in Sources */,
				AA1E970A2A35AEAB000832D8 /* VideoPlayerView.swift in Sources */,
			);
			runOnlyForDeploymentPostprocessing = 0;
		};
/* End PBXSourcesBuildPhase section */

/* Begin XCBuildConfiguration section */
		AA00A5222A24D52000CFF73A /* Debug */ = {
			isa = XCBuildConfiguration;
			buildSettings = {
				ALWAYS_SEARCH_USER_PATHS = NO;
				CLANG_ANALYZER_NONNULL = YES;
				CLANG_ANALYZER_NUMBER_OBJECT_CONVERSION = YES_AGGRESSIVE;
				CLANG_CXX_LANGUAGE_STANDARD = "gnu++20";
				CLANG_ENABLE_MODULES = YES;
				CLANG_ENABLE_OBJC_ARC = YES;
				CLANG_ENABLE_OBJC_WEAK = YES;
				CLANG_WARN_BLOCK_CAPTURE_AUTORELEASING = YES;
				CLANG_WARN_BOOL_CONVERSION = YES;
				CLANG_WARN_COMMA = YES;
				CLANG_WARN_CONSTANT_CONVERSION = YES;
				CLANG_WARN_DEPRECATED_OBJC_IMPLEMENTATIONS = YES;
				CLANG_WARN_DIRECT_OBJC_ISA_USAGE = YES_ERROR;
				CLANG_WARN_DOCUMENTATION_COMMENTS = YES;
				CLANG_WARN_EMPTY_BODY = YES;
				CLANG_WARN_ENUM_CONVERSION = YES;
				CLANG_WARN_INFINITE_RECURSION = YES;
				CLANG_WARN_INT_CONVERSION = YES;
				CLANG_WARN_NON_LITERAL_NULL_CONVERSION = YES;
				CLANG_WARN_OBJC_IMPLICIT_RETAIN_SELF = YES;
				CLANG_WARN_OBJC_LITERAL_CONVERSION = YES;
				CLANG_WARN_OBJC_ROOT_CLASS = YES_ERROR;
				CLANG_WARN_QUOTED_INCLUDE_IN_FRAMEWORK_HEADER = YES;
				CLANG_WARN_RANGE_LOOP_ANALYSIS = YES;
				CLANG_WARN_STRICT_PROTOTYPES = YES;
				CLANG_WARN_SUSPICIOUS_MOVE = YES;
				CLANG_WARN_UNGUARDED_AVAILABILITY = YES_AGGRESSIVE;
				CLANG_WARN_UNREACHABLE_CODE = YES;
				CLANG_WARN__DUPLICATE_METHOD_MATCH = YES;
				COPY_PHASE_STRIP = NO;
				DEBUG_INFORMATION_FORMAT = dwarf;
				ENABLE_STRICT_OBJC_MSGSEND = YES;
				ENABLE_TESTABILITY = YES;
				GCC_C_LANGUAGE_STANDARD = gnu11;
				GCC_DYNAMIC_NO_PIC = NO;
				GCC_NO_COMMON_BLOCKS = YES;
				GCC_OPTIMIZATION_LEVEL = 0;
				GCC_PREPROCESSOR_DEFINITIONS = (
					"DEBUG=1",
					"$(inherited)",
				);
				GCC_WARN_64_TO_32_BIT_CONVERSION = YES;
				GCC_WARN_ABOUT_RETURN_TYPE = YES_ERROR;
				GCC_WARN_UNDECLARED_SELECTOR = YES;
				GCC_WARN_UNINITIALIZED_AUTOS = YES_AGGRESSIVE;
				GCC_WARN_UNUSED_FUNCTION = YES;
				GCC_WARN_UNUSED_VARIABLE = YES;
				IPHONEOS_DEPLOYMENT_TARGET = 16.4;
				MTL_ENABLE_DEBUG_INFO = INCLUDE_SOURCE;
				MTL_FAST_MATH = YES;
				ONLY_ACTIVE_ARCH = YES;
				SDKROOT = iphoneos;
				SWIFT_ACTIVE_COMPILATION_CONDITIONS = DEBUG;
				SWIFT_OPTIMIZATION_LEVEL = "-Onone";
			};
			name = Debug;
		};
		AA00A5232A24D52000CFF73A /* Release */ = {
			isa = XCBuildConfiguration;
			buildSettings = {
				ALWAYS_SEARCH_USER_PATHS = NO;
				CLANG_ANALYZER_NONNULL = YES;
				CLANG_ANALYZER_NUMBER_OBJECT_CONVERSION = YES_AGGRESSIVE;
				CLANG_CXX_LANGUAGE_STANDARD = "gnu++20";
				CLANG_ENABLE_MODULES = YES;
				CLANG_ENABLE_OBJC_ARC = YES;
				CLANG_ENABLE_OBJC_WEAK = YES;
				CLANG_WARN_BLOCK_CAPTURE_AUTORELEASING = YES;
				CLANG_WARN_BOOL_CONVERSION = YES;
				CLANG_WARN_COMMA = YES;
				CLANG_WARN_CONSTANT_CONVERSION = YES;
				CLANG_WARN_DEPRECATED_OBJC_IMPLEMENTATIONS = YES;
				CLANG_WARN_DIRECT_OBJC_ISA_USAGE = YES_ERROR;
				CLANG_WARN_DOCUMENTATION_COMMENTS = YES;
				CLANG_WARN_EMPTY_BODY = YES;
				CLANG_WARN_ENUM_CONVERSION = YES;
				CLANG_WARN_INFINITE_RECURSION = YES;
				CLANG_WARN_INT_CONVERSION = YES;
				CLANG_WARN_NON_LITERAL_NULL_CONVERSION = YES;
				CLANG_WARN_OBJC_IMPLICIT_RETAIN_SELF = YES;
				CLANG_WARN_OBJC_LITERAL_CONVERSION = YES;
				CLANG_WARN_OBJC_ROOT_CLASS = YES_ERROR;
				CLANG_WARN_QUOTED_INCLUDE_IN_FRAMEWORK_HEADER = YES;
				CLANG_WARN_RANGE_LOOP_ANALYSIS = YES;
				CLANG_WARN_STRICT_PROTOTYPES = YES;
				CLANG_WARN_SUSPICIOUS_MOVE = YES;
				CLANG_WARN_UNGUARDED_AVAILABILITY = YES_AGGRESSIVE;
				CLANG_WARN_UNREACHABLE_CODE = YES;
				CLANG_WARN__DUPLICATE_METHOD_MATCH = YES;
				COPY_PHASE_STRIP = NO;
				DEBUG_INFORMATION_FORMAT = "dwarf-with-dsym";
				ENABLE_NS_ASSERTIONS = NO;
				ENABLE_STRICT_OBJC_MSGSEND = YES;
				GCC_C_LANGUAGE_STANDARD = gnu11;
				GCC_NO_COMMON_BLOCKS = YES;
				GCC_WARN_64_TO_32_BIT_CONVERSION = YES;
				GCC_WARN_ABOUT_RETURN_TYPE = YES_ERROR;
				GCC_WARN_UNDECLARED_SELECTOR = YES;
				GCC_WARN_UNINITIALIZED_AUTOS = YES_AGGRESSIVE;
				GCC_WARN_UNUSED_FUNCTION = YES;
				GCC_WARN_UNUSED_VARIABLE = YES;
				IPHONEOS_DEPLOYMENT_TARGET = 16.4;
				MTL_ENABLE_DEBUG_INFO = NO;
				MTL_FAST_MATH = YES;
				SDKROOT = iphoneos;
				SWIFT_COMPILATION_MODE = wholemodule;
				SWIFT_OPTIMIZATION_LEVEL = "-O";
				VALIDATE_PRODUCT = YES;
			};
			name = Release;
		};
		AA00A5252A24D52000CFF73A /* Debug */ = {
			isa = XCBuildConfiguration;
			buildSettings = {
				ASSETCATALOG_COMPILER_APPICON_NAME = AppIcon;
				ASSETCATALOG_COMPILER_GLOBAL_ACCENT_COLOR_NAME = AccentColor;
				CODE_SIGN_STYLE = Automatic;
				CURRENT_PROJECT_VERSION = 1;
				DEVELOPMENT_ASSET_PATHS = "\"HIITFit/Preview Content\"";
				DEVELOPMENT_TEAM = C4MF94BMZN;
				ENABLE_PREVIEWS = YES;
				GENERATE_INFOPLIST_FILE = YES;
				INFOPLIST_KEY_UIApplicationSceneManifest_Generation = YES;
				INFOPLIST_KEY_UIApplicationSupportsIndirectInputEvents = YES;
				INFOPLIST_KEY_UILaunchScreen_Generation = YES;
				INFOPLIST_KEY_UISupportedInterfaceOrientations_iPad = "UIInterfaceOrientationPortrait UIInterfaceOrientationPortraitUpsideDown UIInterfaceOrientationLandscapeLeft UIInterfaceOrientationLandscapeRight";
				INFOPLIST_KEY_UISupportedInterfaceOrientations_iPhone = "UIInterfaceOrientationPortrait UIInterfaceOrientationLandscapeLeft UIInterfaceOrientationLandscapeRight";
				LD_RUNPATH_SEARCH_PATHS = (
					"$(inherited)",
					"@executable_path/Frameworks",
				);
				MARKETING_VERSION = 1.0;
				PRODUCT_BUNDLE_IDENTIFIER = "ru.medey90-mail.HIITFit";
				PRODUCT_NAME = "$(TARGET_NAME)";
				SWIFT_EMIT_LOC_STRINGS = YES;
				SWIFT_VERSION = 5.0;
				TARGETED_DEVICE_FAMILY = "1,2";
			};
			name = Debug;
		};
		AA00A5262A24D52000CFF73A /* Release */ = {
			isa = XCBuildConfiguration;
			buildSettings = {
				ASSETCATALOG_COMPILER_APPICON_NAME = AppIcon;
				ASSETCATALOG_COMPILER_GLOBAL_ACCENT_COLOR_NAME = AccentColor;
				CODE_SIGN_STYLE = Automatic;
				CURRENT_PROJECT_VERSION = 1;
				DEVELOPMENT_ASSET_PATHS = "\"HIITFit/Preview Content\"";
				DEVELOPMENT_TEAM = C4MF94BMZN;
				ENABLE_PREVIEWS = YES;
				GENERATE_INFOPLIST_FILE = YES;
				INFOPLIST_KEY_UIApplicationSceneManifest_Generation = YES;
				INFOPLIST_KEY_UIApplicationSupportsIndirectInputEvents = YES;
				INFOPLIST_KEY_UILaunchScreen_Generation = YES;
				INFOPLIST_KEY_UISupportedInterfaceOrientations_iPad = "UIInterfaceOrientationPortrait UIInterfaceOrientationPortraitUpsideDown UIInterfaceOrientationLandscapeLeft UIInterfaceOrientationLandscapeRight";
				INFOPLIST_KEY_UISupportedInterfaceOrientations_iPhone = "UIInterfaceOrientationPortrait UIInterfaceOrientationLandscapeLeft UIInterfaceOrientationLandscapeRight";
				LD_RUNPATH_SEARCH_PATHS = (
					"$(inherited)",
					"@executable_path/Frameworks",
				);
				MARKETING_VERSION = 1.0;
				PRODUCT_BUNDLE_IDENTIFIER = "ru.medey90-mail.HIITFit";
				PRODUCT_NAME = "$(TARGET_NAME)";
				SWIFT_EMIT_LOC_STRINGS = YES;
				SWIFT_VERSION = 5.0;
				TARGETED_DEVICE_FAMILY = "1,2";
			};
			name = Release;
		};
/* End XCBuildConfiguration section */

/* Begin XCConfigurationList section */
		AA00A5112A24D51E00CFF73A /* Build configuration list for PBXProject "HIITFit" */ = {
			isa = XCConfigurationList;
			buildConfigurations = (
				AA00A5222A24D52000CFF73A /* Debug */,
				AA00A5232A24D52000CFF73A /* Release */,
			);
			defaultConfigurationIsVisible = 0;
			defaultConfigurationName = Release;
		};
		AA00A5242A24D52000CFF73A /* Build configuration list for PBXNativeTarget "HIITFit" */ = {
			isa = XCConfigurationList;
			buildConfigurations = (
				AA00A5252A24D52000CFF73A /* Debug */,
				AA00A5262A24D52000CFF73A /* Release */,
			);
			defaultConfigurationIsVisible = 0;
			defaultConfigurationName = Release;
		};
/* End XCConfigurationList section */
	};
	rootObject = AA00A50E2A24D51E00CFF73A /* Project object */;
}
